
Microsoft Visual Studio Solution File, Format Version 12.00
# Visual Studio Version 16
VisualStudioVersion = 16.0.30907.101
MinimumVisualStudioVersion = 10.0.40219.1
Project("{9A19103F-16F7-4668-BE54-9A1E7A4F7556}") = "MelBoxCore", "MelBoxCore\MelBoxCore.csproj", "{9407A584-3615-43B0-B8F7-BF0847DFC367}"
EndProject
Project("{9A19103F-16F7-4668-BE54-9A1E7A4F7556}") = "MelBoxGsm", "MelBoxGsm\MelBoxGsm.csproj", "{165D1129-7650-4CBB-AFE3-F41A863BCB6D}"
EndProject
Project("{9A19103F-16F7-4668-BE54-9A1E7A4F7556}") = "MelBoxSql", "MelBoxSql\MelBoxSql.csproj", "{5B2836AE-B4B6-4B45-8B3A-E0958E65017D}"
EndProject
Project("{FAE04EC0-301F-11D3-BF4B-00C04F79EFBC}") = "MelBoxWeb", "MelBoxWeb\MelBoxWeb.csproj", "{1AE53DE8-2701-404C-853C-E5B10B482254}"
EndProject
Global
	GlobalSection(SolutionConfigurationPlatforms) = preSolution
		Debug|Any CPU = Debug|Any CPU
		Release|Any CPU = Release|Any CPU
	EndGlobalSection
	GlobalSection(ProjectConfigurationPlatforms) = postSolution
		{9407A584-3615-43B0-B8F7-BF0847DFC367}.Debug|Any CPU.ActiveCfg = Debug|Any CPU
		{9407A584-3615-43B0-B8F7-BF0847DFC367}.Debug|Any CPU.Build.0 = Debug|Any CPU
		{9407A584-3615-43B0-B8F7-BF0847DFC367}.Release|Any CPU.ActiveCfg = Release|Any CPU
		{9407A584-3615-43B0-B8F7-BF0847DFC367}.Release|Any CPU.Build.0 = Release|Any CPU
		{165D1129-7650-4CBB-AFE3-F41A863BCB6D}.Debug|Any CPU.ActiveCfg = Debug|Any CPU
		{165D1129-7650-4CBB-AFE3-F41A863BCB6D}.Debug|Any CPU.Build.0 = Debug|Any CPU
		{165D1129-7650-4CBB-AFE3-F41A863BCB6D}.Release|Any CPU.ActiveCfg = Release|Any CPU
		{165D1129-7650-4CBB-AFE3-F41A863BCB6D}.Release|Any CPU.Build.0 = Release|Any CPU
		{5B2836AE-B4B6-4B45-8B3A-E0958E65017D}.Debug|Any CPU.ActiveCfg = Debug|Any CPU
		{5B2836AE-B4B6-4B45-8B3A-E0958E65017D}.Debug|Any CPU.Build.0 = Debug|Any CPU
		{5B2836AE-B4B6-4B45-8B3A-E0958E65017D}.Release|Any CPU.ActiveCfg = Release|Any CPU
		{5B2836AE-B4B6-4B45-8B3A-E0958E65017D}.Release|Any CPU.Build.0 = Release|Any CPU
		{1AE53DE8-2701-404C-853C-E5B10B482254}.Debug|Any CPU.ActiveCfg = Debug|Any CPU
		{1AE53DE8-2701-404C-853C-E5B10B482254}.Debug|Any CPU.Build.0 = Debug|Any CPU
		{1AE53DE8-2701-404C-853C-E5B10B482254}.Release|Any CPU.ActiveCfg = Release|Any CPU
		{1AE53DE8-2701-404C-853C-E5B10B482254}.Release|Any CPU.Build.0 = Release|Any CPU
	EndGlobalSection
	GlobalSection(SolutionProperties) = preSolution
		HideSolutionNode = FALSE
	EndGlobalSection
	GlobalSection(ExtensibilityGlobals) = postSolution
		SolutionGuid = {A43539ED-F65D-4E2B-BAFC-4A4F669AB85F}
	EndGlobalSection
EndGlobal
